{
  "version": 4,
  "terraform_version": "1.7.0",
  "serial": 16,
  "lineage": "b35607bc-52a4-e96a-7bd5-a3a8b9c2ed33",
  "outputs": {
    "debug_user": {
      "value": "root@pam!terraform",
      "type": "string"
    }
  },
  "resources": [
    {
      "mode": "managed",
      "type": "proxmox_virtual_environment_container",
      "name": "srv_storage",
      "provider": "provider[\"registry.terraform.io/bpg/proxmox\"]",
      "instances": [
        {
          "schema_version": 0,
          "attributes": {
            "clone": [],
            "console": [],
            "cpu": [],
            "description": "",
            "disk": [
              {
                "datastore_id": "local-lvm",
                "size": 10
              }
            ],
            "features": [],
            "hook_script_file_id": null,
            "id": "201",
            "initialization": [
              {
                "dns": [],
                "hostname": "srv-storage",
                "ip_config": [
                  {
                    "ipv4": [
                      {
                        "address": "192.168.1.21/24",
                        "gateway": "192.168.1.1"
                      }
                    ],
                    "ipv6": []
                  }
                ],
                "user_account": [
                  {
                    "keys": [],
                    "password": "atcrh764"
                  }
                ]
              }
            ],
            "memory": [],
            "mount_point": [
              {
                "acl": false,
                "backup": false,
                "mount_options": null,
                "path": "/mnt/public_data",
                "quota": false,
                "read_only": false,
                "replicate": true,
                "shared": false,
                "size": "",
                "volume": "/mnt/data_4t/Public"
              }
            ],
            "network_interface": [
              {
                "bridge": "vmbr0",
                "enabled": true,
                "firewall": false,
                "mac_address": "BC:24:11:6E:A1:A0",
                "mtu": 0,
                "name": "eth0",
                "rate_limit": 0,
                "vlan_id": 0
              }
            ],
            "node_name": "pve-ryzen",
            "operating_system": [
              {
                "template_file_id": "local:vztmpl/debian-12-standard_12.12-1_amd64.tar.zst",
                "type": "debian"
              }
            ],
            "pool_id": null,
            "protection": false,
            "start_on_boot": true,
            "started": true,
            "startup": [],
            "tags": [],
            "template": false,
            "timeout_clone": 1800,
            "timeout_create": 1800,
            "timeout_delete": 60,
            "timeout_start": 300,
            "timeout_update": 1800,
            "unprivileged": true,
            "vm_id": 201
          },
          "sensitive_attributes": [],
          "private": "bnVsbA=="
        }
      ]
    },
    {
      "mode": "managed",
      "type": "proxmox_virtual_environment_file",
      "name": "debian_container_template",
      "provider": "provider[\"registry.terraform.io/bpg/proxmox\"]",
      "instances": [
        {
          "schema_version": 0,
          "attributes": {
            "content_type": "vztmpl",
            "datastore_id": "local",
            "file_mode": null,
            "file_modification_date": "",
            "file_name": "debian-12-standard_12.12-1_amd64.tar.zst",
            "file_size": 146,
            "file_tag": "",
            "id": "local:vztmpl/debian-12-standard_12.12-1_amd64.tar.zst",
            "node_name": "pve-ryzen",
            "overwrite": true,
            "source_file": [
              {
                "changed": false,
                "checksum": "",
                "file_name": "",
                "insecure": false,
                "min_tls": "",
                "path": "http://download.proxmox.com/images/system/vztmpl/debian-12-standard_12.12-1_amd64.tar.zst"
              }
            ],
            "source_raw": [],
            "timeout_upload": 1800
          },
          "sensitive_attributes": [],
          "private": "bnVsbA=="
        }
      ]
    }
  ],
  "check_results": null
}
